
Microsoft Visual Studio Solution File, Format Version 12.00
# Visual Studio Version 17
VisualStudioVersion = 17.6.33829.357
MinimumVisualStudioVersion = 10.0.40219.1
Project("{FAE04EC0-301F-11D3-BF4B-00C04F79EFBC}") = "Restaurant_Mgmt_Sys", "Restaurant_Mgmt_Sys\Restaurant_Mgmt_Sys.csproj", "{963B7449-875C-4EE8-B404-7076B1951E4D}"
EndProject
Global
	GlobalSection(SolutionConfigurationPlatforms) = preSolution
		Debug|Any CPU = Debug|Any CPU
		Release|Any CPU = Release|Any CPU
	EndGlobalSection
	GlobalSection(ProjectConfigurationPlatforms) = postSolution
		{963B7449-875C-4EE8-B404-7076B1951E4D}.Debug|Any CPU.ActiveCfg = Debug|Any CPU
		{963B7449-875C-4EE8-B404-7076B1951E4D}.Debug|Any CPU.Build.0 = Debug|Any CPU
		{963B7449-875C-4EE8-B404-7076B1951E4D}.Release|Any CPU.ActiveCfg = Release|Any CPU
		{963B7449-875C-4EE8-B404-7076B1951E4D}.Release|Any CPU.Build.0 = Release|Any CPU
	EndGlobalSection
	GlobalSection(SolutionProperties) = preSolution
		HideSolutionNode = FALSE
	EndGlobalSection
	GlobalSection(ExtensibilityGlobals) = postSolution
		SolutionGuid = {7B608AD2-E4CA-4FB3-932B-183FC7D2702B}
	EndGlobalSection
EndGlobal
