
Microsoft Visual Studio Solution File, Format Version 12.00
# Visual Studio Version 17
VisualStudioVersion = 17.6.33829.357
MinimumVisualStudioVersion = 10.0.40219.1
Project("{FAE04EC0-301F-11D3-BF4B-00C04F79EFBC}") = "Restaurant_Mgmt_System", "Restaurant_Mgmt_System\Restaurant_Mgmt_System.csproj", "{D18C7628-F7DE-4C28-B787-5276691E548C}"
EndProject
Global
	GlobalSection(SolutionConfigurationPlatforms) = preSolution
		Debug|Any CPU = Debug|Any CPU
		Release|Any CPU = Release|Any CPU
	EndGlobalSection
	GlobalSection(ProjectConfigurationPlatforms) = postSolution
		{D18C7628-F7DE-4C28-B787-5276691E548C}.Debug|Any CPU.ActiveCfg = Debug|Any CPU
		{D18C7628-F7DE-4C28-B787-5276691E548C}.Debug|Any CPU.Build.0 = Debug|Any CPU
		{D18C7628-F7DE-4C28-B787-5276691E548C}.Release|Any CPU.ActiveCfg = Release|Any CPU
		{D18C7628-F7DE-4C28-B787-5276691E548C}.Release|Any CPU.Build.0 = Release|Any CPU
	EndGlobalSection
	GlobalSection(SolutionProperties) = preSolution
		HideSolutionNode = FALSE
	EndGlobalSection
	GlobalSection(ExtensibilityGlobals) = postSolution
		SolutionGuid = {78A580CB-361F-4388-B82D-855D8BB98D99}
	EndGlobalSection
EndGlobal
